{
  "name": "water",
  "lockfileVersion": 3,
  "requires": true,
  "packages": {
    "": {
      "dependencies": {
        "app.json": "^0.12.1",
        "package.json": "^0.0.0"
      }
    },
    "node_modules/acorn": {
      "version": "7.4.1",
      "resolved": "https://registry.npmjs.org/acorn/-/acorn-7.4.1.tgz",
      "integrity": "sha512-nQyp0o1/mNdbTO1PO6kHkwSrmgZ0MT/jCCpNiwbUjGoRN4dlBhqJtoQuCnEOKzgTVwg0ZWiCoQy6SxMebQVh8A==",
      "bin": {
        "acorn": "bin/acorn"
      },
      "engines": {
        "node": ">=0.4.0"
      }
    },
    "node_modules/ansi-styles": {
      "version": "1.0.0",
      "resolved": "https://registry.npmjs.org/ansi-styles/-/ansi-styles-1.0.0.tgz",
      "integrity": "sha512-3iF4FIKdxaVYT3JqQuY3Wat/T2t7TRbbQ94Fu50ZUCbLy4TFbTzr90NOHQodQkNqmeEGCw8WbeP78WNi6SKYUA==",
      "engines": {
        "node": ">=0.8.0"
      }
    },
    "node_modules/app.json": {
      "version": "0.12.1",
      "resolved": "https://registry.npmjs.org/app.json/-/app.json-0.12.1.tgz",
      "integrity": "sha512-O/R4Mq+Ur2dBTTdLkdCGVamuYDKUh7MyO43eOtZX9N5WTIyPLa7qsiQpQPwE5hMIVH+L9jKVvfRy8XbrlTb/vA==",
      "dependencies": {
        "async": "^0.7.0",
        "brfs": "^1.0.2",
        "browserify-hogan": "^0.1.2",
        "chalk": "^0.4.0",
        "commander": "^2.2.0",
        "flatten": "0.0.1",
        "github-url-to-object": "^0.4.1",
        "heroku-client": "^1.2.0",
        "hogan.js": "^2.0.0",
        "ini": "^1.1.0",
        "is-url": "^1.0.0",
        "marked": "^0.3.2",
        "netrc": "^0.1.3",
        "revalidator": "^0.1.8",
        "superagent": "^0.17.0",
        "to-title-case": "^0.1.4"
      },
      "bin": {
        "app": "bin/cli",
        "app.json": "bin/cli",
        "apps": "bin/cli"
      }
    },
    "node_modules/async": {
      "version": "0.7.0",
      "resolved": "https://registry.npmjs.org/async/-/async-0.7.0.tgz",
      "integrity": "sha512-9GReTNJtSSP+tNXZhlXuzPrRVlhH7Abwgf9qsV4NVLiChZpzFKvWGIwAss+uOUlsLjEnQbbVX1ERDTpjM5EmQg=="
    },
    "node_modules/brfs": {
      "version": "1.6.1",
      "resolved": "https://registry.npmjs.org/brfs/-/brfs-1.6.1.tgz",
      "integrity": "sha512-OfZpABRQQf+Xsmju8XE9bDjs+uU4vLREGolP7bDgcpsI17QREyZ4Bl+2KLxxx1kCgA0fAIhKQBaBYh+PEcCqYQ==",
      "dependencies": {
        "quote-stream": "^1.0.1",
        "resolve": "^1.1.5",
        "static-module": "^2.2.0",
        "through2": "^2.0.0"
      },
      "bin": {
        "brfs": "bin/cmd.js"
      }
    },
    "node_modules/browserify-hogan": {
      "version": "0.1.2",
      "resolved": "https://registry.npmjs.org/browserify-hogan/-/browserify-hogan-0.1.2.tgz",
      "integrity": "sha512-pwdhyNZM/S4yLS21ruQ9mGvoNunkwXWlHtwHuGIq91fl/Z2BvI2W/GrqVXDK3Ag0tUplYJIyKEB8QxPSlXLf/w==",
      "dependencies": {
        "hogan.js": "~2.0.0",
        "through": "~2.2.7"
      }
    },
    "node_modules/buffer-equal": {
      "version": "0.0.1",
      "resolved": "https://registry.npmjs.org/buffer-equal/-/buffer-equal-0.0.1.tgz",
      "integrity": "sha512-RgSV6InVQ9ODPdLWJ5UAqBqJBOg370Nz6ZQtRzpt6nUjc8v0St97uJ4PYC6NztqIScrAXafKM3mZPMygSe1ggA==",
      "engines": {
        "node": ">=0.4.0"
      }
    },
    "node_modules/buffer-from": {
      "version": "1.1.2",
      "resolved": "https://registry.npmjs.org/buffer-from/-/buffer-from-1.1.2.tgz",
      "integrity": "sha512-E+XQCRwSbaaiChtv6k6Dwgc+bx+Bs6vuKJHHl5kox/BaKbhiXzqQOwK4cO22yElGp2OCmjwVhT3HmxgyPGnJfQ=="
    },
    "node_modules/chalk": {
      "version": "0.4.0",
      "resolved": "https://registry.npmjs.org/chalk/-/chalk-0.4.0.tgz",
      "integrity": "sha512-sQfYDlfv2DGVtjdoQqxS0cEZDroyG8h6TamA6rvxwlrU5BaSLDx9xhatBYl2pxZ7gmpNaPFVwBtdGdu5rQ+tYQ==",
      "dependencies": {
        "ansi-styles": "~1.0.0",
        "has-color": "~0.1.0",
        "strip-ansi": "~0.1.0"
      },
      "engines": {
        "node": ">=0.8.0"
      }
    },
    "node_modules/commander": {
      "version": "2.20.3",
      "resolved": "https://registry.npmjs.org/commander/-/commander-2.20.3.tgz",
      "integrity": "sha512-GpVkmM8vF2vQUkj2LvZmD35JxeJOLCwJ9cUkugyk2nuhbv3+mJvpLYYt+0+USMxE+oj+ey/lJEnhZw75x/OMcQ=="
    },
    "node_modules/concat-stream": {
      "version": "1.6.2",
      "resolved": "https://registry.npmjs.org/concat-stream/-/concat-stream-1.6.2.tgz",
      "integrity": "sha512-27HBghJxjiZtIk3Ycvn/4kbJk/1uZuJFfuPEns6LaEvpvG1f0hTea8lilrouyo9mVc2GWdcEZ8OLoGmSADlrCw==",
      "engines": [
        "node >= 0.8"
      ],
      "dependencies": {
        "buffer-from": "^1.0.0",
        "inherits": "^2.0.3",
        "readable-stream": "^2.2.2",
        "typedarray": "^0.0.6"
      }
    },
    "node_modules/convert-source-map": {
      "version": "1.9.0",
      "resolved": "https://registry.npmjs.org/convert-source-map/-/convert-source-map-1.9.0.tgz",
      "integrity": "sha512-ASFBup0Mz1uyiIjANan1jzLQami9z1PoYSZCiiYW2FczPbenXc45FZdBZLzOT+r6+iciuEModtmCti+hjaAk0A=="
    },
    "node_modules/cookiejar": {
      "version": "1.3.0",
      "resolved": "https://registry.npmjs.org/cookiejar/-/cookiejar-1.3.0.tgz",
      "integrity": "sha512-U+NgxxtwHIokuL04FqKEkqsaWBDtnCQo+wvYjUCtBA56Lcg8vpV3SGtBx+RAmw92SV3VT8PwsYcCFK/cC3Dw+A==",
      "engines": {
        "node": "*"
      }
    },
    "node_modules/core-util-is": {
      "version": "1.0.3",
      "resolved": "https://registry.npmjs.org/core-util-is/-/core-util-is-1.0.3.tgz",
      "integrity": "sha512-ZQBvi1DcpJ4GDqanjucZ2Hj3wEO5pZDS89BWbkcrvdxksJorwUDDZamX9ldFkp9aw2lmBDLgkObEA4DWNJ9FYQ==",
      "license": "MIT"
    },
    "node_modules/debug": {
      "version": "0.7.4",
      "resolved": "https://registry.npmjs.org/debug/-/debug-0.7.4.tgz",
      "integrity": "sha512-EohAb3+DSHSGx8carOSKJe8G0ayV5/i609OD0J2orCkuyae7SyZSz2aoLmQF2s0Pj5gITDebwPH7GFBlqOUQ1Q==",
      "engines": {
        "node": "*"
      }
    },
    "node_modules/deep-is": {
      "version": "0.1.4",
      "resolved": "https://registry.npmjs.org/deep-is/-/deep-is-0.1.4.tgz",
      "integrity": "sha512-oIPzksmTg4/MriiaYGO+okXDT7ztn/w3Eptv/+gSIdMdKsJo0u4CfYNFJPy+4SKMuCqGw2wxnA+URMg3t8a/bQ=="
    },
    "node_modules/duplexer2": {
      "version": "0.1.4",
      "resolved": "https://registry.npmjs.org/duplexer2/-/duplexer2-0.1.4.tgz",
      "integrity": "sha512-asLFVfWWtJ90ZyOUHMqk7/S2w2guQKxUI2itj3d92ADHhxUSbCMGi1f1cBcJ7xM1To+pE/Khbwo1yuNbMEPKeA==",
      "dependencies": {
        "readable-stream": "^2.0.2"
      }
    },
    "node_modules/emitter-component": {
      "version": "1.0.0",
      "resolved": "https://registry.npmjs.org/emitter-component/-/emitter-component-1.0.0.tgz",
      "integrity": "sha512-GZrLdp4Z7OERecoYQYElVVqf6/gcbGUs8nvaE+nmu2dGy453lLgGyPLNX9DdSyojdMqI86fCT9XQqsWJymciEw=="
    },
    "node_modules/escape-regexp-component": {
      "version": "1.0.2",
      "resolved": "https://registry.npmjs.org/escape-regexp-component/-/escape-regexp-component-1.0.2.tgz",
      "integrity": "sha512-B0yxafj1D1ZTNEHkFoQxz4iboZSfaZHhaNhIug7GcUCL4ZUrVSJZTmWUAkPOFaYDfi3RNT9XM082TuGE6jpmiQ=="
    },
    "node_modules/escodegen": {
      "version": "1.9.1",
      "resolved": "https://registry.npmjs.org/escodegen/-/escodegen-1.9.1.tgz",
      "integrity": "sha512-6hTjO1NAWkHnDk3OqQ4YrCuwwmGHL9S3nPlzBOUG/R44rda3wLNrfvQ5fkSGjyhHFKM7ALPKcKGrwvCLe0lC7Q==",
      "dependencies": {
        "esprima": "^3.1.3",
        "estraverse": "^4.2.0",
        "esutils": "^2.0.2",
        "optionator": "^0.8.1"
      },
      "bin": {
        "escodegen": "bin/escodegen.js",
        "esgenerate": "bin/esgenerate.js"
      },
      "engines": {
        "node": ">=4.0"
      },
      "optionalDependencies": {
        "source-map": "~0.6.1"
      }
    },
    "node_modules/esprima": {
      "version": "3.1.3",
      "resolved": "https://registry.npmjs.org/esprima/-/esprima-3.1.3.tgz",
      "integrity": "sha512-AWwVMNxwhN8+NIPQzAQZCm7RkLC4RbM3B1OobMuyp3i+w73X57KCKaVIxaRZb+DYCojq7rspo+fmuQfAboyhFg==",
      "bin": {
        "esparse": "bin/esparse.js",
        "esvalidate": "bin/esvalidate.js"
      },
      "engines": {
        "node": ">=4"
      }
    },
    "node_modules/estraverse": {
      "version": "4.3.0",
      "resolved": "https://registry.npmjs.org/estraverse/-/estraverse-4.3.0.tgz",
      "integrity": "sha512-39nnKffWz8xN1BU/2c79n9nB9HDzo0niYUqx6xyqUnyoAnQyyWpOTdZEeiCch8BBu515t4wp9ZmgVfVhn9EBpw==",
      "engines": {
        "node": ">=4.0"
      }
    },
    "node_modules/esutils": {
      "version": "2.0.3",
      "resolved": "https://registry.npmjs.org/esutils/-/esutils-2.0.3.tgz",
      "integrity": "sha512-kVscqXk4OCp68SZ0dkgEKVi6/8ij300KBWTJq32P/dYeWTSwK41WyTxalN1eRmA5Z9UU/LX9D7FWSmV9SAYx6g==",
      "engines": {
        "node": ">=0.10.0"
      }
    },
    "node_modules/extend": {
      "version": "1.2.1",
      "resolved": "https://registry.npmjs.org/extend/-/extend-1.2.1.tgz",
      "integrity": "sha512-2/JwIYRpMBDSjbQjUUppNSrmc719crhFaWIdT+TRSVA8gE+6HEobQWqJ6VkPt/H8twS7h/0WWs7veh8wmp98Ng=="
    },
    "node_modules/falafel": {
      "version": "2.2.5",
      "resolved": "https://registry.npmjs.org/falafel/-/falafel-2.2.5.tgz",
      "integrity": "sha512-HuC1qF9iTnHDnML9YZAdCDQwT0yKl/U55K4XSUXqGAA2GLoafFgWRqdAbhWJxXaYD4pyoVxAJ8wH670jMpI9DQ==",
      "dependencies": {
        "acorn": "^7.1.1",
        "isarray": "^2.0.1"
      },
      "engines": {
        "node": ">=0.4.0"
      }
    },
    "node_modules/falafel/node_modules/isarray": {
      "version": "2.0.5",
      "resolved": "https://registry.npmjs.org/isarray/-/isarray-2.0.5.tgz",
      "integrity": "sha512-xHjhDr3cNBK0BzdUJSPXZntQUx/mwMS5Rw4A7lPJ90XGAO6ISP/ePDNuo0vhqOZU+UD5JoodwCAAoZQd3FeAKw=="
    },
    "node_modules/fast-levenshtein": {
      "version": "2.0.6",
      "resolved": "https://registry.npmjs.org/fast-levenshtein/-/fast-levenshtein-2.0.6.tgz",
      "integrity": "sha512-DCXu6Ifhqcks7TZKY3Hxp3y6qphY5SJZmrWMDrKcERSOXWQdMhU9Ig/PYrzyw/ul9jOIyh0N4M0tbC5hodg8dw=="
    },
    "node_modules/flatten": {
      "version": "0.0.1",
      "resolved": "https://registry.npmjs.org/flatten/-/flatten-0.0.1.tgz",
      "integrity": "sha512-pzNZh42/A2HmcRIpddSP0T+zBofd119o5rNB2u1YHv36CM2C/ietI2ZsjWZ2LSL7J0BNVkFn1a9Ad+cmO2lDQg==",
      "deprecated": "flatten is deprecated in favor of utility frameworks such as lodash.",
      "engines": {
        "node": "*"
      }
    },
    "node_modules/formidable": {
      "version": "1.0.14",
      "resolved": "https://registry.npmjs.org/formidable/-/formidable-1.0.14.tgz",
      "integrity": "sha512-aOskFHEfYwkSKSzGui5jhQ+uyLo2NTwpzhndggz2YZHlv0HkAi+zG5ZEBCL3GTvqLyr/FzX9Mvx9DueCmu2HzQ==",
      "deprecated": "Please upgrade to latest, formidable@v2 or formidable@v3! Check these notes: https://bit.ly/2ZEqIau",
      "engines": {
        "node": ">=0.8.0"
      }
    },
    "node_modules/function-bind": {
      "version": "1.1.2",
      "resolved": "https://registry.npmjs.org/function-bind/-/function-bind-1.1.2.tgz",
      "integrity": "sha512-7XHNxH7qX9xG5mIwxkhumTox/MIRNcOgDrxWsMt2pAr23WHp6MrRlN7FBSFpCpr+oVO0F744iUgR82nJMfG2SA==",
      "license": "MIT",
      "funding": {
        "url": "https://github.com/sponsors/ljharb"
      }
    },
    "node_modules/github-url-to-object": {
      "version": "0.4.1",
      "resolved": "https://registry.npmjs.org/github-url-to-object/-/github-url-to-object-0.4.1.tgz",
      "integrity": "sha512-rozhaBIzC6QYU35AMl7YssusdHvVkk06iv/K+I2KLzOVyLOKYpjS+Mp1CFkjOU0bMTBlRWIMqW/a5Q2Lgw5R1w==",
      "dependencies": {
        "is-url": "^1.0.0"
      }
    },
    "node_modules/has": {
      "version": "1.0.4",
      "resolved": "https://registry.npmjs.org/has/-/has-1.0.4.tgz",
      "integrity": "sha512-qdSAmqLF6209RFj4VVItywPMbm3vWylknmB3nvNiUIs72xAimcM8nVYxYr7ncvZq5qzk9MKIZR8ijqD/1QuYjQ==",
      "engines": {
        "node": ">= 0.4.0"
      }
    },
    "node_modules/has-color": {
      "version": "0.1.7",
      "resolved": "https://registry.npmjs.org/has-color/-/has-color-0.1.7.tgz",
      "integrity": "sha512-kaNz5OTAYYmt646Hkqw50/qyxP2vFnTVu5AQ1Zmk22Kk5+4Qx6BpO8+u7IKsML5fOsFk0ZT0AcCJNYwcvaLBvw==",
      "engines": {
        "node": ">=0.10.0"
      }
    },
    "node_modules/hasown": {
      "version": "2.0.2",
      "resolved": "https://registry.npmjs.org/hasown/-/hasown-2.0.2.tgz",
      "integrity": "sha512-0hJU9SCPvmMzIBdZFqNPXWa6dqh7WdH0cII9y+CyS8rG3nL48Bclra9HmKhVVUHyPWNH5Y7xDwAB7bfgSjkUMQ==",
      "license": "MIT",
      "dependencies": {
        "function-bind": "^1.1.2"
      },
      "engines": {
        "node": ">= 0.4"
      }
    },
    "node_modules/heroku-client": {
      "version": "1.11.0",
      "resolved": "https://registry.npmjs.org/heroku-client/-/heroku-client-1.11.0.tgz",
      "integrity": "sha512-G9mv8m8svzi71mAq2nrQEjnEl1FRl+6n+RaCu17RDTgiNKCIqC1q5UTVcHoiuVP3VhhOhvFINa+bN/vkRw0d5Q==",
      "dependencies": {
        "concat-stream": "^1.4.8",
        "inflection": "^1.7.0",
        "lazy.js": "^0.4.0",
        "logfmt": "^1.1.2",
        "memjs": "^0.8.5",
        "path-proxy": "^1.0",
        "q": "^1.2.0",
        "simple-encryptor": "^1.0.2"
      }
    },
    "node_modules/hogan.js": {
      "version": "2.0.0",
      "resolved": "https://registry.npmjs.org/hogan.js/-/hogan.js-2.0.0.tgz",
      "integrity": "sha512-urTqVvefaiu6ZqpIVQklkbu6tuqUQSv0pfgnG02ibeAC4ZFG0Rj2uDjH45eUcIEyLFjPsh1mxgeqd9BYldWrgg==",
      "bin": {
        "hulk": "bin/hulk"
      },
      "engines": {
        "node": "*"
      }
    },
    "node_modules/inflection": {
      "version": "1.13.4",
      "resolved": "https://registry.npmjs.org/inflection/-/inflection-1.13.4.tgz",
      "integrity": "sha512-6I/HUDeYFfuNCVS3td055BaXBwKYuzw7K3ExVMStBowKo9oOAMJIXIHvdyR3iboTCp1b+1i5DSkIZTcwIktuDw==",
      "engines": [
        "node >= 0.4.0"
      ]
    },
    "node_modules/inherits": {
      "version": "2.0.4",
      "resolved": "https://registry.npmjs.org/inherits/-/inherits-2.0.4.tgz",
      "integrity": "sha512-k/vGaX4/Yla3WzyMCvTQOXYeIHvqOKtnqBduzTHpzpQZzAskKMhZ2K+EnBiSM9zGSoIFeMpXKxa4dYeZIQqewQ==",
      "license": "ISC"
    },
    "node_modules/ini": {
      "version": "1.3.8",
      "resolved": "https://registry.npmjs.org/ini/-/ini-1.3.8.tgz",
      "integrity": "sha512-JV/yugV2uzW5iMRSiZAyDtQd+nxtUnjeLt0acNdw98kKLrvuRVyB80tsREOE7yvGVgalhZ6RNXCmEHkUKBKxew==",
      "license": "ISC"
    },
    "node_modules/is-core-module": {
      "version": "2.15.0",
      "resolved": "https://registry.npmjs.org/is-core-module/-/is-core-module-2.15.0.tgz",
      "integrity": "sha512-Dd+Lb2/zvk9SKy1TGCt1wFJFo/MWBPMX5x7KcvLajWTGuomczdQX61PvY5yK6SVACwpoexWo81IfFyoKY2QnTA==",
      "license": "MIT",
      "dependencies": {
        "hasown": "^2.0.2"
      },
      "engines": {
        "node": ">= 0.4"
      },
      "funding": {
        "url": "https://github.com/sponsors/ljharb"
      }
    },
    "node_modules/is-url": {
      "version": "1.2.4",
      "resolved": "https://registry.npmjs.org/is-url/-/is-url-1.2.4.tgz",
      "integrity": "sha512-ITvGim8FhRiYe4IQ5uHSkj7pVaPDrCTkNd3yq3cV7iZAcJdHTUMPMEHcqSOy9xZ9qFenQCvi+2wjH9a1nXqHww=="
    },
    "node_modules/isarray": {
      "version": "1.0.0",
      "resolved": "https://registry.npmjs.org/isarray/-/isarray-1.0.0.tgz",
      "integrity": "sha512-VLghIWNM6ELQzo7zwmcg0NmTVyWKYjvIeM83yjp0wRDTmUnrM678fQbcKBo6n2CJEF0szoG//ytg+TKla89ALQ==",
      "license": "MIT"
    },
    "node_modules/lazy.js": {
      "version": "0.4.3",
      "resolved": "https://registry.npmjs.org/lazy.js/-/lazy.js-0.4.3.tgz",
      "integrity": "sha512-kHcnVaCZzhv6P+YgC4iRZFw62+biYIcBYU8qqKzJysC7cdKwPgb3WRtcBPyINTSLZwsjyFdBtd97sHbkseTZKw=="
    },
    "node_modules/levn": {
      "version": "0.3.0",
      "resolved": "https://registry.npmjs.org/levn/-/levn-0.3.0.tgz",
      "integrity": "sha512-0OO4y2iOHix2W6ujICbKIaEQXvFQHue65vUG3pb5EUomzPI90z9hsA1VsO/dbIIpC53J8gxM9Q4Oho0jrCM/yA==",
      "dependencies": {
        "prelude-ls": "~1.1.2",
        "type-check": "~0.3.2"
      },
      "engines": {
        "node": ">= 0.8.0"
      }
    },
    "node_modules/logfmt": {
      "version": "1.4.0",
      "resolved": "https://registry.npmjs.org/logfmt/-/logfmt-1.4.0.tgz",
      "integrity": "sha512-p1Ow0C2dDJYaQBhRHt+HVMP6ELuBm4jYSYNHPMfz0J5wJ9qA6/7oBOlBZBfT1InqguTYcvJzNea5FItDxTcbyw==",
      "dependencies": {
        "split": "0.2.x",
        "through": "2.3.x"
      },
      "bin": {
        "logfmt": "bin/logfmt"
      }
    },
    "node_modules/logfmt/node_modules/through": {
      "version": "2.3.8",
      "resolved": "https://registry.npmjs.org/through/-/through-2.3.8.tgz",
      "integrity": "sha512-w89qg7PI8wAdvX60bMDP+bFoD5Dvhm9oLheFp5O4a2QF0cSBGsBX4qZmadPMvVqlLJBBci+WqGGOAPvcDeNSVg=="
    },
    "node_modules/magic-string": {
      "version": "0.22.5",
      "resolved": "https://registry.npmjs.org/magic-string/-/magic-string-0.22.5.tgz",
      "integrity": "sha512-oreip9rJZkzvA8Qzk9HFs8fZGF/u7H/gtrE8EN6RjKJ9kh2HlC+yQ2QezifqTZfGyiuAV0dRv5a+y/8gBb1m9w==",
      "dependencies": {
        "vlq": "^0.2.2"
      }
    },
    "node_modules/marked": {
      "version": "0.3.19",
      "resolved": "https://registry.npmjs.org/marked/-/marked-0.3.19.tgz",
      "integrity": "sha512-ea2eGWOqNxPcXv8dyERdSr/6FmzvWwzjMxpfGB/sbMccXoct+xY+YukPD+QTUZwyvK7BZwcr4m21WBOW41pAkg==",
      "bin": {
        "marked": "bin/marked"
      },
      "engines": {
        "node": ">=0.10.0"
      }
    },
    "node_modules/memjs": {
      "version": "0.8.9",
      "resolved": "https://registry.npmjs.org/memjs/-/memjs-0.8.9.tgz",
      "integrity": "sha512-sNcnB+4P5xBYEU54Gt4D8LqHc9LOQzDQJUWL5pDDoNgqcAfrjct1UiYNwIyED6QImzK/jSdZrhHzNmRbJNg3gA==",
      "engines": {
        "node": ">=0.6.18"
      }
    },
    "node_modules/merge-source-map": {
      "version": "1.0.4",
      "resolved": "https://registry.npmjs.org/merge-source-map/-/merge-source-map-1.0.4.tgz",
      "integrity": "sha512-PGSmS0kfnTnMJCzJ16BLLCEe6oeYCamKFFdQKshi4BmM6FUwipjVOcBFGxqtQtirtAG4iZvHlqST9CpZKqlRjA==",
      "dependencies": {
        "source-map": "^0.5.6"
      }
    },
    "node_modules/merge-source-map/node_modules/source-map": {
      "version": "0.5.7",
      "resolved": "https://registry.npmjs.org/source-map/-/source-map-0.5.7.tgz",
      "integrity": "sha512-LbrmJOMUSdEVxIKvdcJzQC+nQhe8FUZQTXQy6+I75skNgn3OoQ0DZA8YnFa7gp8tqtL3KPf1kmo0R5DoApeSGQ==",
      "engines": {
        "node": ">=0.10.0"
      }
    },
    "node_modules/methods": {
      "version": "0.0.1",
      "resolved": "https://registry.npmjs.org/methods/-/methods-0.0.1.tgz",
      "integrity": "sha512-pB8oFfci/xcfUgM6DTxc7lbTKifPPgs3mZUOsEgaH+1TTWpmcmv3sHl+5sUHIj2X2W8aPYa2+nJealRHK+Lo6A=="
    },
    "node_modules/mime": {
      "version": "1.2.5",
      "resolved": "https://registry.npmjs.org/mime/-/mime-1.2.5.tgz",
      "integrity": "sha512-QfwTOA+zRHSZXxl9Y7ue5ifKDhU1prnh0dO67Vgcl7Lcx0+79vL9A1ln0qtVur8CFSdYq5Zhnw9DDZQgwDh8Ng==",
      "engines": {
        "node": "*"
      }
    },
    "node_modules/minimist": {
      "version": "1.2.8",
      "resolved": "https://registry.npmjs.org/minimist/-/minimist-1.2.8.tgz",
      "integrity": "sha512-2yyAR8qBkN3YuheJanUpWC5U3bb5osDywNB8RzDVlDwDHbocAJveqqj1u8+SVD7jkWT4yvsHCpWqqWqAxb0zCA==",
      "license": "MIT",
      "funding": {
        "url": "https://github.com/sponsors/ljharb"
      }
    },
    "node_modules/netrc": {
      "version": "0.1.4",
      "resolved": "https://registry.npmjs.org/netrc/-/netrc-0.1.4.tgz",
      "integrity": "sha512-ye8AIYWQcP9MvoM1i0Z2jV0qed31Z8EWXYnyGNkiUAd+Fo8J+7uy90xTV8g/oAbhtjkY7iZbNTizQaXdKUuwpQ=="
    },
    "node_modules/object-inspect": {
      "version": "1.4.1",
      "resolved": "https://registry.npmjs.org/object-inspect/-/object-inspect-1.4.1.tgz",
      "integrity": "sha512-wqdhLpfCUbEsoEwl3FXwGyv8ief1k/1aUdIPCqVnupM6e8l63BEJdiF/0swtn04/8p05tG/T0FrpTlfwvljOdw=="
    },
    "node_modules/optionator": {
      "version": "0.8.3",
      "resolved": "https://registry.npmjs.org/optionator/-/optionator-0.8.3.tgz",
      "integrity": "sha512-+IW9pACdk3XWmmTXG8m3upGUJst5XRGzxMRjXzAuJ1XnIFNvfhjjIuYkDvysnPQ7qzqVzLt78BCruntqRhWQbA==",
      "dependencies": {
        "deep-is": "~0.1.3",
        "fast-levenshtein": "~2.0.6",
        "levn": "~0.3.0",
        "prelude-ls": "~1.1.2",
        "type-check": "~0.3.2",
        "word-wrap": "~1.2.3"
      },
      "engines": {
        "node": ">= 0.8.0"
      }
    },
    "node_modules/package.json": {
      "version": "0.0.0",
      "resolved": "https://registry.npmjs.org/package.json/-/package.json-0.0.0.tgz",
      "integrity": "sha512-4IJoBrMPxhC4cWwViXg7omAK6E/QD3F/DfmD1g20EI4AcV6V/KG5NqqLC2xjCclY1N5V7D+j6rJxi4mXyxIsMg==",
      "deprecated": "Use pkg.json instead."
    },
    "node_modules/path-parse": {
      "version": "1.0.7",
      "resolved": "https://registry.npmjs.org/path-parse/-/path-parse-1.0.7.tgz",
      "integrity": "sha512-LDJzPVEEEPR+y48z93A0Ed0yXb8pAByGWo/k5YYdYgpY2/2EsOsksJrq7lOHxryrVOn1ejG6oAp8ahvOIQD8sw==",
      "license": "MIT"
    },
    "node_modules/path-proxy": {
      "version": "1.0.0",
      "resolved": "https://registry.npmjs.org/path-proxy/-/path-proxy-1.0.0.tgz",
      "integrity": "sha512-p9IuY9FRY1nU59RDW+tnLL6qMxmBnY03WGYxzy1FcqE5OMO5ggz7ahmOBH0JBS+9f95Yc7V5TZ+kHpTeFWaLQA==",
      "dependencies": {
        "inflection": "~1.3.0"
      }
    },
    "node_modules/path-proxy/node_modules/inflection": {
      "version": "1.3.8",
      "resolved": "https://registry.npmjs.org/inflection/-/inflection-1.3.8.tgz",
      "integrity": "sha512-xRvG6XhAkbneGO5BXP0uKyGkzmZ2bBbrFkx4ZVNx2TmsECbiq/pJapbbx/NECh+E85IfZwW5+IeVNJfkQgavag==",
      "engines": [
        "node >= 0.4.0"
      ]
    },
    "node_modules/prelude-ls": {
      "version": "1.1.2",
      "resolved": "https://registry.npmjs.org/prelude-ls/-/prelude-ls-1.1.2.tgz",
      "integrity": "sha512-ESF23V4SKG6lVSGZgYNpbsiaAkdab6ZgOxe52p7+Kid3W3u3bxR4Vfd/o21dmN7jSt0IwgZ4v5MUd26FEtXE9w==",
      "engines": {
        "node": ">= 0.8.0"
      }
    },
    "node_modules/process-nextick-args": {
      "version": "2.0.1",
      "resolved": "https://registry.npmjs.org/process-nextick-args/-/process-nextick-args-2.0.1.tgz",
      "integrity": "sha512-3ouUOpQhtgrbOa17J7+uxOTpITYWaGP7/AhoR3+A+/1e9skrzelGi/dXzEYyvbxubEF6Wn2ypscTKiKJFFn1ag==",
      "license": "MIT"
    },
    "node_modules/q": {
      "version": "1.5.1",
      "resolved": "https://registry.npmjs.org/q/-/q-1.5.1.tgz",
      "integrity": "sha512-kV/CThkXo6xyFEZUugw/+pIOywXcDbFYgSct5cT3gqlbkBE1SJdwy6UQoZvodiWF/ckQLZyDE/Bu1M6gVu5lVw==",
      "deprecated": "You or someone you depend on is using Q, the JavaScript Promise library that gave JavaScript developers strong feelings about promises. They can almost certainly migrate to the native JavaScript promise now. Thank you literally everyone for joining me in this bet against the odds. Be excellent to each other.\n\n(For a CapTP with native promises, see @endo/eventual-send and @endo/captp)",
      "engines": {
        "node": ">=0.6.0",
        "teleport": ">=0.2.0"
      }
    },
    "node_modules/qs": {
      "version": "0.6.5",
      "resolved": "https://registry.npmjs.org/qs/-/qs-0.6.5.tgz",
      "integrity": "sha512-n7wA/f30O3SsOw2BVkGUDzjWMw7kXvQJWKtDdgfq5HJvDoad+Jbc6osN1AQ0Iain5plo9e7Cs5fE+xR+DVkPTw==",
      "engines": {
        "node": "*"
      }
    },
    "node_modules/quote-stream": {
      "version": "1.0.2",
      "resolved": "https://registry.npmjs.org/quote-stream/-/quote-stream-1.0.2.tgz",
      "integrity": "sha512-kKr2uQ2AokadPjvTyKJQad9xELbZwYzWlNfI3Uz2j/ib5u6H9lDP7fUUR//rMycd0gv4Z5P1qXMfXR8YpIxrjQ==",
      "dependencies": {
        "buffer-equal": "0.0.1",
        "minimist": "^1.1.3",
        "through2": "^2.0.0"
      },
      "bin": {
        "quote-stream": "bin/cmd.js"
      }
    },
    "node_modules/readable-stream": {
      "version": "2.3.8",
      "resolved": "https://registry.npmjs.org/readable-stream/-/readable-stream-2.3.8.tgz",
      "integrity": "sha512-8p0AUk4XODgIewSi0l8Epjs+EVnWiK7NoDIEGU0HhE7+ZyY8D1IMY7odu5lRrFXGg71L15KG8QrPmum45RTtdA==",
      "license": "MIT",
      "dependencies": {
        "core-util-is": "~1.0.0",
        "inherits": "~2.0.3",
        "isarray": "~1.0.0",
        "process-nextick-args": "~2.0.0",
        "safe-buffer": "~5.1.1",
        "string_decoder": "~1.1.1",
        "util-deprecate": "~1.0.1"
      }
    },
    "node_modules/reduce-component": {
      "version": "1.0.1",
      "resolved": "https://registry.npmjs.org/reduce-component/-/reduce-component-1.0.1.tgz",
      "integrity": "sha512-y0wyCcdQul3hI3xHfIs0vg/jSbboQc/YTOAqaxjFG7At+XSexduuOqBVL9SmOLSwa/ldkbzVzdwuk9s2EKTAZg=="
    },
    "node_modules/resolve": {
      "version": "1.22.8",
      "resolved": "https://registry.npmjs.org/resolve/-/resolve-1.22.8.tgz",
      "integrity": "sha512-oKWePCxqpd6FlLvGV1VU0x7bkPmmCNolxzjMf4NczoDnQcIWrAF+cPtZn5i6n+RfD2d9i0tzpKnG6Yk168yIyw==",
      "license": "MIT",
      "dependencies": {
        "is-core-module": "^2.13.0",
        "path-parse": "^1.0.7",
        "supports-preserve-symlinks-flag": "^1.0.0"
      },
      "bin": {
        "resolve": "bin/resolve"
      },
      "funding": {
        "url": "https://github.com/sponsors/ljharb"
      }
    },
    "node_modules/revalidator": {
      "version": "0.1.8",
      "resolved": "https://registry.npmjs.org/revalidator/-/revalidator-0.1.8.tgz",
      "integrity": "sha512-xcBILK2pA9oh4SiinPEZfhP8HfrB/ha+a2fTMyl7Om2WjlDVrOQy99N2MXXlUHqGJz4qEu2duXxHJjDWuK/0xg==",
      "engines": {
        "node": ">= 0.4.0"
      }
    },
    "node_modules/safe-buffer": {
      "version": "5.1.2",
      "resolved": "https://registry.npmjs.org/safe-buffer/-/safe-buffer-5.1.2.tgz",
      "integrity": "sha512-Gd2UZBJDkXlY7GbJxfsE8/nvKkUEU1G38c1siN6QP6a9PT9MmHB8GnpscSmMJSoF8LOIrt8ud/wPtojys4G6+g==",
      "license": "MIT"
    },
    "node_modules/scmp": {
      "version": "2.0.0",
      "resolved": "https://registry.npmjs.org/scmp/-/scmp-2.0.0.tgz",
      "integrity": "sha512-FaHoAk75AYhT+rnBmMpkvHSIcQma4OHzYXOhn1XXtgNomi0FTV8YEXYuh2EIdCg5IKMVyFbXeJT4Cn96+fzABg=="
    },
    "node_modules/shallow-copy": {
      "version": "0.0.1",
      "resolved": "https://registry.npmjs.org/shallow-copy/-/shallow-copy-0.0.1.tgz",
      "integrity": "sha512-b6i4ZpVuUxB9h5gfCxPiusKYkqTMOjEbBs4wMaFbkfia4yFv92UKZ6Df8WXcKbn08JNL/abvg3FnMAOfakDvUw=="
    },
    "node_modules/simple-encryptor": {
      "version": "1.4.0",
      "resolved": "https://registry.npmjs.org/simple-encryptor/-/simple-encryptor-1.4.0.tgz",
      "integrity": "sha512-g7UhXQ6flzimqzoaDqjGl5hBh4/+tJ4dtAIHaWhO9gtt+GkLRb3F/Xjv//XORFstkNxA+CFVzZJCLhs24NmrSQ==",
      "dependencies": {
        "scmp": "2.0.0"
      }
    },
    "node_modules/source-map": {
      "version": "0.6.1",
      "resolved": "https://registry.npmjs.org/source-map/-/source-map-0.6.1.tgz",
      "integrity": "sha512-UjgapumWlbMhkBgzT7Ykc5YXUT46F0iKu8SGXq0bcwP5dz/h0Plj6enJqjz1Zbq2l5WaqYnrVbwWOWMyF3F47g==",
      "optional": true,
      "engines": {
        "node": ">=0.10.0"
      }
    },
    "node_modules/split": {
      "version": "0.2.10",
      "resolved": "https://registry.npmjs.org/split/-/split-0.2.10.tgz",
      "integrity": "sha512-e0pKq+UUH2Xq/sXbYpZBZc3BawsfDZ7dgv+JtRTUPNcvF5CMR4Y9cvJqkMY0MoxWzTHvZuz1beg6pNEKlszPiQ==",
      "dependencies": {
        "through": "2"
      },
      "engines": {
        "node": "*"
      }
    },
    "node_modules/static-eval": {
      "version": "2.1.1",
      "resolved": "https://registry.npmjs.org/static-eval/-/static-eval-2.1.1.tgz",
      "integrity": "sha512-MgWpQ/ZjGieSVB3eOJVs4OA2LT/q1vx98KPCTTQPzq/aLr0YUXTsgryTXr4SLfR0ZfUUCiedM9n/ABeDIyy4mA==",
      "dependencies": {
        "escodegen": "^2.1.0"
      }
    },
    "node_modules/static-eval/node_modules/escodegen": {
      "version": "2.1.0",
      "resolved": "https://registry.npmjs.org/escodegen/-/escodegen-2.1.0.tgz",
      "integrity": "sha512-2NlIDTwUWJN0mRPQOdtQBzbUHvdGY2P1VXSyU83Q3xKxM7WHX2Ql8dKq782Q9TgQUNOLEzEYu9bzLNj1q88I5w==",
      "dependencies": {
        "esprima": "^4.0.1",
        "estraverse": "^5.2.0",
        "esutils": "^2.0.2"
      },
      "bin": {
        "escodegen": "bin/escodegen.js",
        "esgenerate": "bin/esgenerate.js"
      },
      "engines": {
        "node": ">=6.0"
      },
      "optionalDependencies": {
        "source-map": "~0.6.1"
      }
    },
    "node_modules/static-eval/node_modules/esprima": {
      "version": "4.0.1",
      "resolved": "https://registry.npmjs.org/esprima/-/esprima-4.0.1.tgz",
      "integrity": "sha512-eGuFFw7Upda+g4p+QHvnW0RyTX/SVeJBDM/gCtMARO0cLuT2HcEKnTPvhjV6aGeqrCB/sbNop0Kszm0jsaWU4A==",
      "bin": {
        "esparse": "bin/esparse.js",
        "esvalidate": "bin/esvalidate.js"
      },
      "engines": {
        "node": ">=4"
      }
    },
    "node_modules/static-eval/node_modules/estraverse": {
      "version": "5.3.0",
      "resolved": "https://registry.npmjs.org/estraverse/-/estraverse-5.3.0.tgz",
      "integrity": "sha512-MMdARuVEQziNTeJD8DgMqmhwR11BRQ/cBP+pLtYdSTnf3MIO8fFeiINEbX36ZdNlfU/7A9f3gUw49B3oQsvwBA==",
      "engines": {
        "node": ">=4.0"
      }
    },
    "node_modules/static-module": {
      "version": "2.2.5",
      "resolved": "https://registry.npmjs.org/static-module/-/static-module-2.2.5.tgz",
      "integrity": "sha512-D8vv82E/Kpmz3TXHKG8PPsCPg+RAX6cbCOyvjM6x04qZtQ47EtJFVwRsdov3n5d6/6ynrOY9XB4JkaZwB2xoRQ==",
      "dependencies": {
        "concat-stream": "~1.6.0",
        "convert-source-map": "^1.5.1",
        "duplexer2": "~0.1.4",
        "escodegen": "~1.9.0",
        "falafel": "^2.1.0",
        "has": "^1.0.1",
        "magic-string": "^0.22.4",
        "merge-source-map": "1.0.4",
        "object-inspect": "~1.4.0",
        "quote-stream": "~1.0.2",
        "readable-stream": "~2.3.3",
        "shallow-copy": "~0.0.1",
        "static-eval": "^2.0.0",
        "through2": "~2.0.3"
      }
    },
    "node_modules/string_decoder": {
      "version": "1.1.1",
      "resolved": "https://registry.npmjs.org/string_decoder/-/string_decoder-1.1.1.tgz",
      "integrity": "sha512-n/ShnvDi6FHbbVfviro+WojiFzv+s8MPMHBczVePfUpDJLwoLT0ht1l4YwBCbi8pJAveEEdnkHyPyTP/mzRfwg==",
      "license": "MIT",
      "dependencies": {
        "safe-buffer": "~5.1.0"
      }
    },
    "node_modules/strip-ansi": {
      "version": "0.1.1",
      "resolved": "https://registry.npmjs.org/strip-ansi/-/strip-ansi-0.1.1.tgz",
      "integrity": "sha512-behete+3uqxecWlDAm5lmskaSaISA+ThQ4oNNBDTBJt0x2ppR6IPqfZNuj6BLaLJ/Sji4TPZlcRyOis8wXQTLg==",
      "bin": {
        "strip-ansi": "cli.js"
      },
      "engines": {
        "node": ">=0.8.0"
      }
    },
    "node_modules/superagent": {
      "version": "0.17.0",
      "resolved": "https://registry.npmjs.org/superagent/-/superagent-0.17.0.tgz",
      "integrity": "sha512-ASGnKAf/X5HxEKjW+mpy8sk53a0Mi9XwBhQpPfqkFh+cl7K41NvUhsIJ/RAMCkQDZEfqu/FYQJoAK5JVp86p9g==",
      "deprecated": "Please upgrade to v9.0.0+ as we have fixed a public vulnerability with formidable dependency. Note that v9.0.0+ requires Node.js v14.18.0+. See https://github.com/ladjs/superagent/pull/1800 for insight. This project is supported and maintained by the team at Forward Email @ https://forwardemail.net",
      "dependencies": {
        "cookiejar": "1.3.0",
        "debug": "~0.7.2",
        "emitter-component": "1.0.0",
        "extend": "~1.2.1",
        "formidable": "1.0.14",
        "methods": "0.0.1",
        "mime": "1.2.5",
        "qs": "0.6.5",
        "reduce-component": "1.0.1"
      },
      "engines": {
        "node": "*"
      }
    },
    "node_modules/supports-preserve-symlinks-flag": {
      "version": "1.0.0",
      "resolved": "https://registry.npmjs.org/supports-preserve-symlinks-flag/-/supports-preserve-symlinks-flag-1.0.0.tgz",
      "integrity": "sha512-ot0WnXS9fgdkgIcePe6RHNk1WA8+muPa6cSjeR3V8K27q9BB1rTE3R1p7Hv0z1ZyAc8s6Vvv8DIyWf681MAt0w==",
      "license": "MIT",
      "engines": {
        "node": ">= 0.4"
      },
      "funding": {
        "url": "https://github.com/sponsors/ljharb"
      }
    },
    "node_modules/through": {
      "version": "2.2.7",
      "resolved": "https://registry.npmjs.org/through/-/through-2.2.7.tgz",
      "integrity": "sha512-JIR0m0ybkmTcR8URann+HbwKmodP+OE8UCbsifQDYMLD5J3em1Cdn3MYPpbEd5elGDwmP98T+WbqP/tvzA5Mjg=="
    },
    "node_modules/through2": {
      "version": "2.0.5",
      "resolved": "https://registry.npmjs.org/through2/-/through2-2.0.5.tgz",
      "integrity": "sha512-/mrRod8xqpA+IHSLyGCQ2s8SPHiCDEeQJSep1jqLYeEUClOFG2Qsh+4FU6G9VeqpZnGW/Su8LQGc4YKni5rYSQ==",
      "dependencies": {
        "readable-stream": "~2.3.6",
        "xtend": "~4.0.1"
      }
    },
    "node_modules/title-case-minors": {
      "version": "0.0.2",
      "resolved": "https://registry.npmjs.org/title-case-minors/-/title-case-minors-0.0.2.tgz",
      "integrity": "sha512-Zj/jt0oAtP1zJUdZPlQZ3entqtgu4HVXg0Q369QoQtNl/UzIKNFnV7foqC4jvToepnATYFUhydd+RObDvTkk+g=="
    },
    "node_modules/to-capital-case": {
      "version": "0.1.1",
      "resolved": "https://registry.npmjs.org/to-capital-case/-/to-capital-case-0.1.1.tgz",
      "integrity": "sha512-WqgibsYb8lYtbUWb7iME7zMegMcBw8STrg1S6bY7K765R8uc94VSymkIeJV5WVLY34XH3VXXNbnsFGKycsKPaw==",
      "dependencies": {
        "to-no-case": "0.1.1"
      }
    },
    "node_modules/to-no-case": {
      "version": "0.1.1",
      "resolved": "https://registry.npmjs.org/to-no-case/-/to-no-case-0.1.1.tgz",
      "integrity": "sha512-XNChsa36ssNQibYbv/kBSLb0jEfPuePdnbX1tBpHypUbtjBSR8ihaDRRYPZLMstjSpPM+onSgxeDjg+lgfIzZQ=="
    },
    "node_modules/to-title-case": {
      "version": "0.1.5",
      "resolved": "https://registry.npmjs.org/to-title-case/-/to-title-case-0.1.5.tgz",
      "integrity": "sha512-Da0lu99hWuEjK+QsEkztEzSC3DziPjmUl+lsFMyFegpnGVS57RCwmwWF8wd6esRjXL0YakuJfChCUFPVfYbH1g==",
      "dependencies": {
        "escape-regexp-component": "1.0.2",
        "title-case-minors": "0.0.2",
        "to-capital-case": "0.1.1"
      }
    },
    "node_modules/type-check": {
      "version": "0.3.2",
      "resolved": "https://registry.npmjs.org/type-check/-/type-check-0.3.2.tgz",
      "integrity": "sha512-ZCmOJdvOWDBYJlzAoFkC+Q0+bUyEOS1ltgp1MGU03fqHG+dbi9tBFU2Rd9QKiDZFAYrhPh2JUf7rZRIuHRKtOg==",
      "dependencies": {
        "prelude-ls": "~1.1.2"
      },
      "engines": {
        "node": ">= 0.8.0"
      }
    },
    "node_modules/typedarray": {
      "version": "0.0.6",
      "resolved": "https://registry.npmjs.org/typedarray/-/typedarray-0.0.6.tgz",
      "integrity": "sha512-/aCDEGatGvZ2BIk+HmLf4ifCJFwvKFNb9/JeZPMulfgFracn9QFcAf5GO8B/mweUjSoblS5In0cWhqpfs/5PQA=="
    },
    "node_modules/util-deprecate": {
      "version": "1.0.2",
      "resolved": "https://registry.npmjs.org/util-deprecate/-/util-deprecate-1.0.2.tgz",
      "integrity": "sha512-EPD5q1uXyFxJpCrLnCc1nHnq3gOa6DZBocAIiI2TaSCA7VCJ1UJDMagCzIkXNsUYfD1daK//LTEQ8xiIbrHtcw==",
      "license": "MIT"
    },
    "node_modules/vlq": {
      "version": "0.2.3",
      "resolved": "https://registry.npmjs.org/vlq/-/vlq-0.2.3.tgz",
      "integrity": "sha512-DRibZL6DsNhIgYQ+wNdWDL2SL3bKPlVrRiBqV5yuMm++op8W4kGFtaQfCs4KEJn0wBZcHVHJ3eoywX8983k1ow=="
    },
    "node_modules/word-wrap": {
      "version": "1.2.5",
      "resolved": "https://registry.npmjs.org/word-wrap/-/word-wrap-1.2.5.tgz",
      "integrity": "sha512-BN22B5eaMMI9UMtjrGd5g5eCYPpCPDUy0FJXbYsaT5zYxjFOckS53SQDE3pWkVoWpHXVb3BrYcEN4Twa55B5cA==",
      "engines": {
        "node": ">=0.10.0"
      }
    },
    "node_modules/xtend": {
      "version": "4.0.2",
      "resolved": "https://registry.npmjs.org/xtend/-/xtend-4.0.2.tgz",
      "integrity": "sha512-LKYU1iAXJXUgAXn9URjiu+MWhyUXHsvfp7mcuYm9dSUKK0/CjtrUwFAxD82/mCWbtLsGjFIad0wIsod4zrTAEQ==",
      "engines": {
        "node": ">=0.4"
      }
    }
  }
}
